# THIS IS AN AUTOGENERATED FILE. DO NOT EDIT THIS FILE DIRECTLY.
# yarn lockfile v1


chalk@^5.0.0:
  version "5.0.0"
  resolved "https://registry.yarnpkg.com/chalk/-/chalk-5.0.0.tgz#bd96c6bb8e02b96e08c0c3ee2a9d90e050c7b832"
  integrity sha512-/duVOqst+luxCQRKEo4bNxinsOQtMP80ZYm7mMqzuh5PociNL0PvmHFvREJ9ueYL2TxlHjBcmLCdmocx9Vg+IQ==

commander@^9.0.0:
  version "9.0.0"
  resolved "https://registry.yarnpkg.com/commander/-/commander-9.0.0.tgz#86d58f24ee98126568936bd1d3574e0308a99a40"
  integrity sha512-JJfP2saEKbQqvW+FI93OYUB4ByV5cizMpFMiiJI8xDbBvQvSkIk0VvQdn1CZ8mqAO8Loq2h0gYTYtDFUZUeERw==

jpeg-js@^0.4.1:
  version "0.4.3"
  resolved "https://registry.yarnpkg.com/jpeg-js/-/jpeg-js-0.4.3.tgz#6158e09f1983ad773813704be80680550eff977b"
  integrity sha512-ru1HWKek8octvUHFHvE5ZzQ1yAsJmIvRdGWvSoKV52XKyuyYA437QWDttXT8eZXDSbuMpHlLzPDZUPd6idIz+Q==

opentype.js@^0.4.3:
  version "0.4.11"
  resolved "https://registry.yarnpkg.com/opentype.js/-/opentype.js-0.4.11.tgz#281a2390639cc15931c955d8d63c14a7c7772b41"
  integrity sha1-KBojkGOcwVkxyVXY1jwUp8d3K0E=

pngjs@^3.3.1:
  version "3.4.0"
  resolved "https://registry.yarnpkg.com/pngjs/-/pngjs-3.4.0.tgz#99ca7d725965fb655814eaf65f38f12bbdbf555f"
  integrity sha512-NCrCHhWmnQklfH4MtJMRjZ2a8c80qXeMlQMv2uVp9ISJMTt562SbGd6n2oq0PaPgKm7Z6pL9E2UlLIhC+SHL3w==

pureimage@^0.3.8:
  version "0.3.8"
  resolved "https://registry.yarnpkg.com/pureimage/-/pureimage-0.3.8.tgz#b9c2a127f3182ab94fb4520e83f4fbcbdd9b38f1"
  integrity sha512-+CuR0HM0VmBfKKQTM56myBonDZAhZkS6ymJ8W5oYYDXG7y7X34B/dEH3UesbJI497Vc2OkA+g8T1/Xj/FTyQ8A==
  dependencies:
    jpeg-js "^0.4.1"
    opentype.js "^0.4.3"
    pngjs "^3.3.1"
